PODS:
  - SDWebImage (4.4.8):
    - SDWebImage/Core (= 4.4.8)
  - SDWebImage/Core (4.4.8)
  - SwiftLint (0.40.3)

DEPENDENCIES:
  - SDWebImage (~> 4.4)
  - SwiftLint

SPEC REPOS:
  trunk:
    - SDWebImage
    - SwiftLint

SPEC CHECKSUMS:
  SDWebImage: 783af2c3fa36291a250030c4752ee370a9a51d13
  SwiftLint: dfd554ff0dff17288ee574814ccdd5cea85d76f7

PODFILE CHECKSUM: c0ce2f3c053b0af6504ae7a1eac506243c372017

COCOAPODS: 1.9.1
