// !$*UTF8*$!
{
	archiveVersion = 1;
	classes = {
	};
	objectVersion = 51;
	objects = {

/* Begin PBXBuildFile section */
		1D30EF05254162C90021E424 /* AppDelegate.swift in Sources */ = {isa = PBXBuildFile; fileRef = 1D30EF04254162C90021E424 /* AppDelegate.swift */; };
		1D30EF07254162C90021E424 /* SceneDelegate.swift in Sources */ = {isa = PBXBuildFile; fileRef = 1D30EF06254162C90021E424 /* SceneDelegate.swift */; };
		1D30EF09254162C90021E424 /* ViewController.swift in Sources */ = {isa = PBXBuildFile; fileRef = 1D30EF08254162C90021E424 /* ViewController.swift */; };
		1D30EF0E254162CA0021E424 /* Assets.xcassets in Resources */ = {isa = PBXBuildFile; fileRef = 1D30EF0D254162CA0021E424 /* Assets.xcassets */; };
		1D30EF11254162CA0021E424 /* LaunchScreen.storyboard in Resources */ = {isa = PBXBuildFile; fileRef = 1D30EF0F254162CA0021E424 /* LaunchScreen.storyboard */; };
		1D30EF1A254197B40021E424 /* TableViewDetailsCell.swift in Sources */ = {isa = PBXBuildFile; fileRef = 1D30EF19254197B40021E424 /* TableViewDetailsCell.swift */; };
		1D30EF1D2541D5450021E424 /* JsonResponseModel.swift in Sources */ = {isa = PBXBuildFile; fileRef = 1D30EF1C2541D5450021E424 /* JsonResponseModel.swift */; };
		1D30EF202541D7A30021E424 /* NetworkManager.swift in Sources */ = {isa = PBXBuildFile; fileRef = 1D30EF1F2541D7A30021E424 /* NetworkManager.swift */; };
		1D30EF222541DB5D0021E424 /* ApiHandling.swift in Sources */ = {isa = PBXBuildFile; fileRef = 1D30EF212541DB5D0021E424 /* ApiHandling.swift */; };
		1D30EF252541E2AA0021E424 /* UrlConstant.swift in Sources */ = {isa = PBXBuildFile; fileRef = 1D30EF242541E2AA0021E424 /* UrlConstant.swift */; };
		1DCFB99D2542BEC6006F1C76 /* NoImage.jpg in Resources */ = {isa = PBXBuildFile; fileRef = 1DCFB99C2542BEC6006F1C76 /* NoImage.jpg */; };
		F9865BEBAF38BE01CA45FB7C /* Pods_AboutCanada.framework in Frameworks */ = {isa = PBXBuildFile; fileRef = 97AB3C77FECB355253457E8B /* Pods_AboutCanada.framework */; };
/* End PBXBuildFile section */

/* Begin PBXFileReference section */
		1D30EF01254162C90021E424 /* AboutCanada.app */ = {isa = PBXFileReference; explicitFileType = wrapper.application; includeInIndex = 0; path = AboutCanada.app; sourceTree = BUILT_PRODUCTS_DIR; };
		1D30EF04254162C90021E424 /* AppDelegate.swift */ = {isa = PBXFileReference; lastKnownFileType = sourcecode.swift; path = AppDelegate.swift; sourceTree = "<group>"; };
		1D30EF06254162C90021E424 /* SceneDelegate.swift */ = {isa = PBXFileReference; lastKnownFileType = sourcecode.swift; path = SceneDelegate.swift; sourceTree = "<group>"; };
		1D30EF08254162C90021E424 /* ViewController.swift */ = {isa = PBXFileReference; lastKnownFileType = sourcecode.swift; path = ViewController.swift; sourceTree = "<group>"; };
		1D30EF0D254162CA0021E424 /* Assets.xcassets */ = {isa = PBXFileReference; lastKnownFileType = folder.assetcatalog; path = Assets.xcassets; sourceTree = "<group>"; };
		1D30EF10254162CA0021E424 /* Base */ = {isa = PBXFileReference; lastKnownFileType = file.storyboard; name = Base; path = Base.lproj/LaunchScreen.storyboard; sourceTree = "<group>"; };
		1D30EF12254162CA0021E424 /* Info.plist */ = {isa = PBXFileReference; lastKnownFileType = text.plist.xml; path = Info.plist; sourceTree = "<group>"; };
		1D30EF19254197B40021E424 /* TableViewDetailsCell.swift */ = {isa = PBXFileReference; lastKnownFileType = sourcecode.swift; path = TableViewDetailsCell.swift; sourceTree = "<group>"; };
		1D30EF1C2541D5450021E424 /* JsonResponseModel.swift */ = {isa = PBXFileReference; lastKnownFileType = sourcecode.swift; path = JsonResponseModel.swift; sourceTree = "<group>"; };
		1D30EF1F2541D7A30021E424 /* NetworkManager.swift */ = {isa = PBXFileReference; lastKnownFileType = sourcecode.swift; path = NetworkManager.swift; sourceTree = "<group>"; };
		1D30EF212541DB5D0021E424 /* ApiHandling.swift */ = {isa = PBXFileReference; lastKnownFileType = sourcecode.swift; path = ApiHandling.swift; sourceTree = "<group>"; };
		1D30EF242541E2AA0021E424 /* UrlConstant.swift */ = {isa = PBXFileReference; lastKnownFileType = sourcecode.swift; path = UrlConstant.swift; sourceTree = "<group>"; };
		1DCFB99C2542BEC6006F1C76 /* NoImage.jpg */ = {isa = PBXFileReference; lastKnownFileType = image.jpeg; path = NoImage.jpg; sourceTree = SOURCE_ROOT; };
		4EB80FDAEC3987DD6762994A /* Pods-AboutCanada.release.xcconfig */ = {isa = PBXFileReference; includeInIndex = 1; lastKnownFileType = text.xcconfig; name = "Pods-AboutCanada.release.xcconfig"; path = "Target Support Files/Pods-AboutCanada/Pods-AboutCanada.release.xcconfig"; sourceTree = "<group>"; };
		97AB3C77FECB355253457E8B /* Pods_AboutCanada.framework */ = {isa = PBXFileReference; explicitFileType = wrapper.framework; includeInIndex = 0; path = Pods_AboutCanada.framework; sourceTree = BUILT_PRODUCTS_DIR; };
		AE92742B7FF6D12BAA1BFF92 /* Pods-AboutCanada.debug.xcconfig */ = {isa = PBXFileReference; includeInIndex = 1; lastKnownFileType = text.xcconfig; name = "Pods-AboutCanada.debug.xcconfig"; path = "Target Support Files/Pods-AboutCanada/Pods-AboutCanada.debug.xcconfig"; sourceTree = "<group>"; };
/* End PBXFileReference section */

/* Begin PBXFrameworksBuildPhase section */
		1D30EEFE254162C90021E424 /* Frameworks */ = {
			isa = PBXFrameworksBuildPhase;
			buildActionMask = 2147483647;
			files = (
				F9865BEBAF38BE01CA45FB7C /* Pods_AboutCanada.framework in Frameworks */,
			);
			runOnlyForDeploymentPostprocessing = 0;
		};
/* End PBXFrameworksBuildPhase section */

/* Begin PBXGroup section */
		1D30EEF8254162C90021E424 = {
			isa = PBXGroup;
			children = (
				1D30EF03254162C90021E424 /* AboutCanada */,
				1D30EF02254162C90021E424 /* Products */,
				A4CCB3C69AB08CDE1CD88899 /* Pods */,
				74C8C7029D3CCD37974E90D0 /* Frameworks */,
			);
			sourceTree = "<group>";
		};
		1D30EF02254162C90021E424 /* Products */ = {
			isa = PBXGroup;
			children = (
				1D30EF01254162C90021E424 /* AboutCanada.app */,
			);
			name = Products;
			sourceTree = "<group>";
		};
		1D30EF03254162C90021E424 /* AboutCanada */ = {
			isa = PBXGroup;
			children = (
				1DCFB99C2542BEC6006F1C76 /* NoImage.jpg */,
				1D30EF232541E2820021E424 /* Constants */,
				1D30EF1E2541D7750021E424 /* Networking */,
				1D30EF1B2541D4710021E424 /* ApiDataModel */,
				1D30EF04254162C90021E424 /* AppDelegate.swift */,
				1D30EF06254162C90021E424 /* SceneDelegate.swift */,
				1D30EF08254162C90021E424 /* ViewController.swift */,
				1D30EF19254197B40021E424 /* TableViewDetailsCell.swift */,
				1D30EF0D254162CA0021E424 /* Assets.xcassets */,
				1D30EF0F254162CA0021E424 /* LaunchScreen.storyboard */,
				1D30EF12254162CA0021E424 /* Info.plist */,
			);
			path = AboutCanada;
			sourceTree = "<group>";
		};
		1D30EF1B2541D4710021E424 /* ApiDataModel */ = {
			isa = PBXGroup;
			children = (
				1D30EF1C2541D5450021E424 /* JsonResponseModel.swift */,
			);
			path = ApiDataModel;
			sourceTree = "<group>";
		};
		1D30EF1E2541D7750021E424 /* Networking */ = {
			isa = PBXGroup;
			children = (
				1D30EF1F2541D7A30021E424 /* NetworkManager.swift */,
				1D30EF212541DB5D0021E424 /* ApiHandling.swift */,
			);
			path = Networking;
			sourceTree = "<group>";
		};
		1D30EF232541E2820021E424 /* Constants */ = {
			isa = PBXGroup;
			children = (
				1D30EF242541E2AA0021E424 /* UrlConstant.swift */,
			);
			path = Constants;
			sourceTree = "<group>";
		};
		74C8C7029D3CCD37974E90D0 /* Frameworks */ = {
			isa = PBXGroup;
			children = (
				97AB3C77FECB355253457E8B /* Pods_AboutCanada.framework */,
			);
			name = Frameworks;
			sourceTree = "<group>";
		};
		A4CCB3C69AB08CDE1CD88899 /* Pods */ = {
			isa = PBXGroup;
			children = (
				AE92742B7FF6D12BAA1BFF92 /* Pods-AboutCanada.debug.xcconfig */,
				4EB80FDAEC3987DD6762994A /* Pods-AboutCanada.release.xcconfig */,
			);
			path = Pods;
			sourceTree = "<group>";
		};
/* End PBXGroup section */

/* Begin PBXNativeTarget section */
		1D30EF00254162C90021E424 /* AboutCanada */ = {
			isa = PBXNativeTarget;
			buildConfigurationList = 1D30EF15254162CA0021E424 /* Build configuration list for PBXNativeTarget "AboutCanada" */;
			buildPhases = (
				08867A8B388AA98043C378ED /* [CP] Check Pods Manifest.lock */,
				1D30EEFD254162C90021E424 /* Sources */,
				1D30EEFE254162C90021E424 /* Frameworks */,
				1D30EEFF254162C90021E424 /* Resources */,
				8A9F6D05AE8F1CBD0579EF72 /* [CP] Embed Pods Frameworks */,
			);
			buildRules = (
			);
			dependencies = (
			);
			name = AboutCanada;
			productName = AboutCanada;
			productReference = 1D30EF01254162C90021E424 /* AboutCanada.app */;
			productType = "com.apple.product-type.application";
		};
/* End PBXNativeTarget section */

/* Begin PBXProject section */
		1D30EEF9254162C90021E424 /* Project object */ = {
			isa = PBXProject;
			attributes = {
				LastSwiftUpdateCheck = 1140;
				LastUpgradeCheck = 1140;
				ORGANIZATIONNAME = com.ravi;
				TargetAttributes = {
					1D30EF00254162C90021E424 = {
						CreatedOnToolsVersion = 11.4.1;
					};
				};
			};
			buildConfigurationList = 1D30EEFC254162C90021E424 /* Build configuration list for PBXProject "AboutCanada" */;
			compatibilityVersion = "Xcode 9.3";
			developmentRegion = en;
			hasScannedForEncodings = 0;
			knownRegions = (
				en,
				Base,
			);
			mainGroup = 1D30EEF8254162C90021E424;
			productRefGroup = 1D30EF02254162C90021E424 /* Products */;
			projectDirPath = "";
			projectRoot = "";
			targets = (
				1D30EF00254162C90021E424 /* AboutCanada */,
			);
		};
/* End PBXProject section */

/* Begin PBXResourcesBuildPhase section */
		1D30EEFF254162C90021E424 /* Resources */ = {
			isa = PBXResourcesBuildPhase;
			buildActionMask = 2147483647;
			files = (
				1D30EF11254162CA0021E424 /* LaunchScreen.storyboard in Resources */,
				1DCFB99D2542BEC6006F1C76 /* NoImage.jpg in Resources */,
				1D30EF0E254162CA0021E424 /* Assets.xcassets in Resources */,
			);
			runOnlyForDeploymentPostprocessing = 0;
		};
/* End PBXResourcesBuildPhase section */

/* Begin PBXShellScriptBuildPhase section */
		08867A8B388AA98043C378ED /* [CP] Check Pods Manifest.lock */ = {
			isa = PBXShellScriptBuildPhase;
			buildActionMask = 2147483647;
			files = (
			);
			inputFileListPaths = (
			);
			inputPaths = (
				"${PODS_PODFILE_DIR_PATH}/Podfile.lock",
				"${PODS_ROOT}/Manifest.lock",
			);
			name = "[CP] Check Pods Manifest.lock";
			outputFileListPaths = (
			);
			outputPaths = (
				"$(DERIVED_FILE_DIR)/Pods-AboutCanada-checkManifestLockResult.txt",
			);
			runOnlyForDeploymentPostprocessing = 0;
			shellPath = /bin/sh;
			shellScript = "diff \"${PODS_PODFILE_DIR_PATH}/Podfile.lock\" \"${PODS_ROOT}/Manifest.lock\" > /dev/null\nif [ $? != 0 ] ; then\n    # print error to STDERR\n    echo \"error: The sandbox is not in sync with the Podfile.lock. Run 'pod install' or update your CocoaPods installation.\" >&2\n    exit 1\nfi\n# This output is used by Xcode 'outputs' to avoid re-running this script phase.\necho \"SUCCESS\" > \"${SCRIPT_OUTPUT_FILE_0}\"\n";
			showEnvVarsInLog = 0;
		};
		8A9F6D05AE8F1CBD0579EF72 /* [CP] Embed Pods Frameworks */ = {
			isa = PBXShellScriptBuildPhase;
			buildActionMask = 2147483647;
			files = (
			);
			inputFileListPaths = (
				"${PODS_ROOT}/Target Support Files/Pods-AboutCanada/Pods-AboutCanada-frameworks-${CONFIGURATION}-input-files.xcfilelist",
			);
			name = "[CP] Embed Pods Frameworks";
			outputFileListPaths = (
				"${PODS_ROOT}/Target Support Files/Pods-AboutCanada/Pods-AboutCanada-frameworks-${CONFIGURATION}-output-files.xcfilelist",
			);
			runOnlyForDeploymentPostprocessing = 0;
			shellPath = /bin/sh;
			shellScript = "\"${PODS_ROOT}/Target Support Files/Pods-AboutCanada/Pods-AboutCanada-frameworks.sh\"\n";
			showEnvVarsInLog = 0;
		};
/* End PBXShellScriptBuildPhase section */

/* Begin PBXSourcesBuildPhase section */
		1D30EEFD254162C90021E424 /* Sources */ = {
			isa = PBXSourcesBuildPhase;
			buildActionMask = 2147483647;
			files = (
				1D30EF202541D7A30021E424 /* NetworkManager.swift in Sources */,
				1D30EF252541E2AA0021E424 /* UrlConstant.swift in Sources */,
				1D30EF09254162C90021E424 /* ViewController.swift in Sources */,
				1D30EF05254162C90021E424 /* AppDelegate.swift in Sources */,
				1D30EF1A254197B40021E424 /* TableViewDetailsCell.swift in Sources */,
				1D30EF222541DB5D0021E424 /* ApiHandling.swift in Sources */,
				1D30EF1D2541D5450021E424 /* JsonResponseModel.swift in Sources */,
				1D30EF07254162C90021E424 /* SceneDelegate.swift in Sources */,
			);
			runOnlyForDeploymentPostprocessing = 0;
		};
/* End PBXSourcesBuildPhase section */

/* Begin PBXVariantGroup section */
		1D30EF0F254162CA0021E424 /* LaunchScreen.storyboard */ = {
			isa = PBXVariantGroup;
			children = (
				1D30EF10254162CA0021E424 /* Base */,
			);
			name = LaunchScreen.storyboard;
			sourceTree = "<group>";
		};
/* End PBXVariantGroup section */

/* Begin XCBuildConfiguration section */
		1D30EF13254162CA0021E424 /* Debug */ = {
			isa = XCBuildConfiguration;
			buildSettings = {
				ALWAYS_SEARCH_USER_PATHS = NO;
				CLANG_ANALYZER_NONNULL = YES;
				CLANG_ANALYZER_NUMBER_OBJECT_CONVERSION = YES_AGGRESSIVE;
				CLANG_CXX_LANGUAGE_STANDARD = "gnu++14";
				CLANG_CXX_LIBRARY = "libc++";
				CLANG_ENABLE_MODULES = YES;
				CLANG_ENABLE_OBJC_ARC = YES;
				CLANG_ENABLE_OBJC_WEAK = YES;
				CLANG_WARN_BLOCK_CAPTURE_AUTORELEASING = YES;
				CLANG_WARN_BOOL_CONVERSION = YES;
				CLANG_WARN_COMMA = YES;
				CLANG_WARN_CONSTANT_CONVERSION = YES;
				CLANG_WARN_DEPRECATED_OBJC_IMPLEMENTATIONS = YES;
				CLANG_WARN_DIRECT_OBJC_ISA_USAGE = YES_ERROR;
				CLANG_WARN_DOCUMENTATION_COMMENTS = YES;
				CLANG_WARN_EMPTY_BODY = YES;
				CLANG_WARN_ENUM_CONVERSION = YES;
				CLANG_WARN_INFINITE_RECURSION = YES;
				CLANG_WARN_INT_CONVERSION = YES;
				CLANG_WARN_NON_LITERAL_NULL_CONVERSION = YES;
				CLANG_WARN_OBJC_IMPLICIT_RETAIN_SELF = YES;
				CLANG_WARN_OBJC_LITERAL_CONVERSION = YES;
				CLANG_WARN_OBJC_ROOT_CLASS = YES_ERROR;
				CLANG_WARN_RANGE_LOOP_ANALYSIS = YES;
				CLANG_WARN_STRICT_PROTOTYPES = YES;
				CLANG_WARN_SUSPICIOUS_MOVE = YES;
				CLANG_WARN_UNGUARDED_AVAILABILITY = YES_AGGRESSIVE;
				CLANG_WARN_UNREACHABLE_CODE = YES;
				CLANG_WARN__DUPLICATE_METHOD_MATCH = YES;
				COPY_PHASE_STRIP = NO;
				DEBUG_INFORMATION_FORMAT = dwarf;
				ENABLE_STRICT_OBJC_MSGSEND = YES;
				ENABLE_TESTABILITY = YES;
				GCC_C_LANGUAGE_STANDARD = gnu11;
				GCC_DYNAMIC_NO_PIC = NO;
				GCC_NO_COMMON_BLOCKS = YES;
				GCC_OPTIMIZATION_LEVEL = 0;
				GCC_PREPROCESSOR_DEFINITIONS = (
					"DEBUG=1",
					"$(inherited)",
				);
				GCC_WARN_64_TO_32_BIT_CONVERSION = YES;
				GCC_WARN_ABOUT_RETURN_TYPE = YES_ERROR;
				GCC_WARN_UNDECLARED_SELECTOR = YES;
				GCC_WARN_UNINITIALIZED_AUTOS = YES_AGGRESSIVE;
				GCC_WARN_UNUSED_FUNCTION = YES;
				GCC_WARN_UNUSED_VARIABLE = YES;
				IPHONEOS_DEPLOYMENT_TARGET = 13.4;
				MTL_ENABLE_DEBUG_INFO = INCLUDE_SOURCE;
				MTL_FAST_MATH = YES;
				ONLY_ACTIVE_ARCH = YES;
				SDKROOT = iphoneos;
				SWIFT_ACTIVE_COMPILATION_CONDITIONS = DEBUG;
				SWIFT_OPTIMIZATION_LEVEL = "-Onone";
			};
			name = Debug;
		};
		1D30EF14254162CA0021E424 /* Release */ = {
			isa = XCBuildConfiguration;
			buildSettings = {
				ALWAYS_SEARCH_USER_PATHS = NO;
				CLANG_ANALYZER_NONNULL = YES;
				CLANG_ANALYZER_NUMBER_OBJECT_CONVERSION = YES_AGGRESSIVE;
				CLANG_CXX_LANGUAGE_STANDARD = "gnu++14";
				CLANG_CXX_LIBRARY = "libc++";
				CLANG_ENABLE_MODULES = YES;
				CLANG_ENABLE_OBJC_ARC = YES;
				CLANG_ENABLE_OBJC_WEAK = YES;
				CLANG_WARN_BLOCK_CAPTURE_AUTORELEASING = YES;
				CLANG_WARN_BOOL_CONVERSION = YES;
				CLANG_WARN_COMMA = YES;
				CLANG_WARN_CONSTANT_CONVERSION = YES;
				CLANG_WARN_DEPRECATED_OBJC_IMPLEMENTATIONS = YES;
				CLANG_WARN_DIRECT_OBJC_ISA_USAGE = YES_ERROR;
				CLANG_WARN_DOCUMENTATION_COMMENTS = YES;
				CLANG_WARN_EMPTY_BODY = YES;
				CLANG_WARN_ENUM_CONVERSION = YES;
				CLANG_WARN_INFINITE_RECURSION = YES;
				CLANG_WARN_INT_CONVERSION = YES;
				CLANG_WARN_NON_LITERAL_NULL_CONVERSION = YES;
				CLANG_WARN_OBJC_IMPLICIT_RETAIN_SELF = YES;
				CLANG_WARN_OBJC_LITERAL_CONVERSION = YES;
				CLANG_WARN_OBJC_ROOT_CLASS = YES_ERROR;
				CLANG_WARN_RANGE_LOOP_ANALYSIS = YES;
				CLANG_WARN_STRICT_PROTOTYPES = YES;
				CLANG_WARN_SUSPICIOUS_MOVE = YES;
				CLANG_WARN_UNGUARDED_AVAILABILITY = YES_AGGRESSIVE;
				CLANG_WARN_UNREACHABLE_CODE = YES;
				CLANG_WARN__DUPLICATE_METHOD_MATCH = YES;
				COPY_PHASE_STRIP = NO;
				DEBUG_INFORMATION_FORMAT = "dwarf-with-dsym";
				ENABLE_NS_ASSERTIONS = NO;
				ENABLE_STRICT_OBJC_MSGSEND = YES;
				GCC_C_LANGUAGE_STANDARD = gnu11;
				GCC_NO_COMMON_BLOCKS = YES;
				GCC_WARN_64_TO_32_BIT_CONVERSION = YES;
				GCC_WARN_ABOUT_RETURN_TYPE = YES_ERROR;
				GCC_WARN_UNDECLARED_SELECTOR = YES;
				GCC_WARN_UNINITIALIZED_AUTOS = YES_AGGRESSIVE;
				GCC_WARN_UNUSED_FUNCTION = YES;
				GCC_WARN_UNUSED_VARIABLE = YES;
				IPHONEOS_DEPLOYMENT_TARGET = 13.4;
				MTL_ENABLE_DEBUG_INFO = NO;
				MTL_FAST_MATH = YES;
				SDKROOT = iphoneos;
				SWIFT_COMPILATION_MODE = wholemodule;
				SWIFT_OPTIMIZATION_LEVEL = "-O";
				VALIDATE_PRODUCT = YES;
			};
			name = Release;
		};
		1D30EF16254162CA0021E424 /* Debug */ = {
			isa = XCBuildConfiguration;
			baseConfigurationReference = AE92742B7FF6D12BAA1BFF92 /* Pods-AboutCanada.debug.xcconfig */;
			buildSettings = {
				ASSETCATALOG_COMPILER_APPICON_NAME = AppIcon;
				CODE_SIGN_STYLE = Automatic;
				DEVELOPMENT_TEAM = P2AG83WK88;
				INFOPLIST_FILE = AboutCanada/Info.plist;
				LD_RUNPATH_SEARCH_PATHS = (
					"$(inherited)",
					"@executable_path/Frameworks",
				);
				PRODUCT_BUNDLE_IDENTIFIER = com.ravi.AboutCanada;
				PRODUCT_NAME = "$(TARGET_NAME)";
				SWIFT_VERSION = 5.0;
				TARGETED_DEVICE_FAMILY = "1,2";
			};
			name = Debug;
		};
		1D30EF17254162CA0021E424 /* Release */ = {
			isa = XCBuildConfiguration;
			baseConfigurationReference = 4EB80FDAEC3987DD6762994A /* Pods-AboutCanada.release.xcconfig */;
			buildSettings = {
				ASSETCATALOG_COMPILER_APPICON_NAME = AppIcon;
				CODE_SIGN_STYLE = Automatic;
				DEVELOPMENT_TEAM = P2AG83WK88;
				INFOPLIST_FILE = AboutCanada/Info.plist;
				LD_RUNPATH_SEARCH_PATHS = (
					"$(inherited)",
					"@executable_path/Frameworks",
				);
				PRODUCT_BUNDLE_IDENTIFIER = com.ravi.AboutCanada;
				PRODUCT_NAME = "$(TARGET_NAME)";
				SWIFT_VERSION = 5.0;
				TARGETED_DEVICE_FAMILY = "1,2";
			};
			name = Release;
		};
/* End XCBuildConfiguration section */

/* Begin XCConfigurationList section */
		1D30EEFC254162C90021E424 /* Build configuration list for PBXProject "AboutCanada" */ = {
			isa = XCConfigurationList;
			buildConfigurations = (
				1D30EF13254162CA0021E424 /* Debug */,
				1D30EF14254162CA0021E424 /* Release */,
			);
			defaultConfigurationIsVisible = 0;
			defaultConfigurationName = Release;
		};
		1D30EF15254162CA0021E424 /* Build configuration list for PBXNativeTarget "AboutCanada" */ = {
			isa = XCConfigurationList;
			buildConfigurations = (
				1D30EF16254162CA0021E424 /* Debug */,
				1D30EF17254162CA0021E424 /* Release */,
			);
			defaultConfigurationIsVisible = 0;
			defaultConfigurationName = Release;
		};
/* End XCConfigurationList section */
	};
	rootObject = 1D30EEF9254162C90021E424 /* Project object */;
}
